
Microsoft Visual Studio Solution File, Format Version 12.00
# Visual Studio Version 16
VisualStudioVersion = 16.0.31205.134
MinimumVisualStudioVersion = 10.0.40219.1
Project("{FAE04EC0-301F-11D3-BF4B-00C04F79EFBC}") = "POO-manhã", "POO-manhã\POO-manhã.csproj", "{AC9F09F3-6D73-4A47-8D7A-0DF772919C88}"
EndProject
Project("{FAE04EC0-301F-11D3-BF4B-00C04F79EFBC}") = "ClasseConta", "ClasseConta\ClasseConta.csproj", "{A59D3DE4-845E-45FF-9FB3-A4095FE75179}"
EndProject
Project("{FAE04EC0-301F-11D3-BF4B-00C04F79EFBC}") = "ClasseFuncionario", "ClasseFuncionario\ClasseFuncionario.csproj", "{532F31A2-A253-4D13-9C35-5246C2683FEF}"
EndProject
Project("{FAE04EC0-301F-11D3-BF4B-00C04F79EFBC}") = "ClasseProduto", "ClasseProduto\ClasseProduto.csproj", "{71E0206F-4669-4636-93B5-2F9C3ABD384F}"
EndProject
Project("{FAE04EC0-301F-11D3-BF4B-00C04F79EFBC}") = "ArrayConta", "ArrayConta\ArrayConta.csproj", "{43375AC9-3611-4077-ADC3-22BB17A86E69}"
EndProject
Project("{2150E333-8FDC-42A3-9474-1A3956D46DE8}") = "Solution Items", "Solution Items", "{9F4A6BF4-3F34-4A16-97E2-EA895878709F}"
	ProjectSection(SolutionItems) = preProject
		.editorconfig = .editorconfig
	EndProjectSection
EndProject
Project("{FAE04EC0-301F-11D3-BF4B-00C04F79EFBC}") = "ArrayProduto", "ArrayProduto\ArrayProduto.csproj", "{517A2683-F00A-4680-9DE5-AF9992B16E5E}"
EndProject
Project("{FAE04EC0-301F-11D3-BF4B-00C04F79EFBC}") = "EncapsulamentoFuncionario", "EncapsulamentoFuncionario\EncapsulamentoFuncionario.csproj", "{0C5CD20E-BA1B-40A6-8571-285915E8AD00}"
EndProject
Project("{FAE04EC0-301F-11D3-BF4B-00C04F79EFBC}") = "EncapsulamentoAluno", "EncapsulamentoAluno\EncapsulamentoAluno.csproj", "{CD45DE26-6FFA-465A-A711-E9CFDFC14E63}"
EndProject
Global
	GlobalSection(SolutionConfigurationPlatforms) = preSolution
		Debug|Any CPU = Debug|Any CPU
		Release|Any CPU = Release|Any CPU
	EndGlobalSection
	GlobalSection(ProjectConfigurationPlatforms) = postSolution
		{AC9F09F3-6D73-4A47-8D7A-0DF772919C88}.Debug|Any CPU.ActiveCfg = Debug|Any CPU
		{AC9F09F3-6D73-4A47-8D7A-0DF772919C88}.Debug|Any CPU.Build.0 = Debug|Any CPU
		{AC9F09F3-6D73-4A47-8D7A-0DF772919C88}.Release|Any CPU.ActiveCfg = Release|Any CPU
		{AC9F09F3-6D73-4A47-8D7A-0DF772919C88}.Release|Any CPU.Build.0 = Release|Any CPU
		{A59D3DE4-845E-45FF-9FB3-A4095FE75179}.Debug|Any CPU.ActiveCfg = Debug|Any CPU
		{A59D3DE4-845E-45FF-9FB3-A4095FE75179}.Debug|Any CPU.Build.0 = Debug|Any CPU
		{A59D3DE4-845E-45FF-9FB3-A4095FE75179}.Release|Any CPU.ActiveCfg = Release|Any CPU
		{A59D3DE4-845E-45FF-9FB3-A4095FE75179}.Release|Any CPU.Build.0 = Release|Any CPU
		{532F31A2-A253-4D13-9C35-5246C2683FEF}.Debug|Any CPU.ActiveCfg = Debug|Any CPU
		{532F31A2-A253-4D13-9C35-5246C2683FEF}.Debug|Any CPU.Build.0 = Debug|Any CPU
		{532F31A2-A253-4D13-9C35-5246C2683FEF}.Release|Any CPU.ActiveCfg = Release|Any CPU
		{532F31A2-A253-4D13-9C35-5246C2683FEF}.Release|Any CPU.Build.0 = Release|Any CPU
		{71E0206F-4669-4636-93B5-2F9C3ABD384F}.Debug|Any CPU.ActiveCfg = Debug|Any CPU
		{71E0206F-4669-4636-93B5-2F9C3ABD384F}.Debug|Any CPU.Build.0 = Debug|Any CPU
		{71E0206F-4669-4636-93B5-2F9C3ABD384F}.Release|Any CPU.ActiveCfg = Release|Any CPU
		{71E0206F-4669-4636-93B5-2F9C3ABD384F}.Release|Any CPU.Build.0 = Release|Any CPU
		{43375AC9-3611-4077-ADC3-22BB17A86E69}.Debug|Any CPU.ActiveCfg = Debug|Any CPU
		{43375AC9-3611-4077-ADC3-22BB17A86E69}.Debug|Any CPU.Build.0 = Debug|Any CPU
		{43375AC9-3611-4077-ADC3-22BB17A86E69}.Release|Any CPU.ActiveCfg = Release|Any CPU
		{43375AC9-3611-4077-ADC3-22BB17A86E69}.Release|Any CPU.Build.0 = Release|Any CPU
		{517A2683-F00A-4680-9DE5-AF9992B16E5E}.Debug|Any CPU.ActiveCfg = Debug|Any CPU
		{517A2683-F00A-4680-9DE5-AF9992B16E5E}.Debug|Any CPU.Build.0 = Debug|Any CPU
		{517A2683-F00A-4680-9DE5-AF9992B16E5E}.Release|Any CPU.ActiveCfg = Release|Any CPU
		{517A2683-F00A-4680-9DE5-AF9992B16E5E}.Release|Any CPU.Build.0 = Release|Any CPU
		{0C5CD20E-BA1B-40A6-8571-285915E8AD00}.Debug|Any CPU.ActiveCfg = Debug|Any CPU
		{0C5CD20E-BA1B-40A6-8571-285915E8AD00}.Debug|Any CPU.Build.0 = Debug|Any CPU
		{0C5CD20E-BA1B-40A6-8571-285915E8AD00}.Release|Any CPU.ActiveCfg = Release|Any CPU
		{0C5CD20E-BA1B-40A6-8571-285915E8AD00}.Release|Any CPU.Build.0 = Release|Any CPU
		{CD45DE26-6FFA-465A-A711-E9CFDFC14E63}.Debug|Any CPU.ActiveCfg = Debug|Any CPU
		{CD45DE26-6FFA-465A-A711-E9CFDFC14E63}.Debug|Any CPU.Build.0 = Debug|Any CPU
		{CD45DE26-6FFA-465A-A711-E9CFDFC14E63}.Release|Any CPU.ActiveCfg = Release|Any CPU
		{CD45DE26-6FFA-465A-A711-E9CFDFC14E63}.Release|Any CPU.Build.0 = Release|Any CPU
	EndGlobalSection
	GlobalSection(SolutionProperties) = preSolution
		HideSolutionNode = FALSE
	EndGlobalSection
	GlobalSection(ExtensibilityGlobals) = postSolution
		SolutionGuid = {1F6D23F8-D3C6-4F37-B360-1F2F656523C0}
	EndGlobalSection
EndGlobal
